
Microsoft Visual Studio Solution File, Format Version 12.00
# Visual Studio 2012
Project("{8BC9CEB8-8B4A-11D0-8D11-00A0C91BC942}") = "Adjustment", "Adjustment\Adjustment.vcxproj", "{233C2590-5BEF-43E2-8FCE-CBC88429F133}"
EndProject
Global
	GlobalSection(SolutionConfigurationPlatforms) = preSolution
		Debug|Win32 = Debug|Win32
		Release|Win32 = Release|Win32
	EndGlobalSection
	GlobalSection(ProjectConfigurationPlatforms) = postSolution
		{233C2590-5BEF-43E2-8FCE-CBC88429F133}.Debug|Win32.ActiveCfg = Debug|Win32
		{233C2590-5BEF-43E2-8FCE-CBC88429F133}.Debug|Win32.Build.0 = Debug|Win32
		{233C2590-5BEF-43E2-8FCE-CBC88429F133}.Release|Win32.ActiveCfg = Release|Win32
		{233C2590-5BEF-43E2-8FCE-CBC88429F133}.Release|Win32.Build.0 = Release|Win32
	EndGlobalSection
	GlobalSection(SolutionProperties) = preSolution
		HideSolutionNode = FALSE
	EndGlobalSection
EndGlobal
